
Microsoft Visual Studio Solution File, Format Version 12.00
# Visual Studio Version 17
VisualStudioVersion = 17.10.35122.118
MinimumVisualStudioVersion = 10.0.40219.1
Project("{888888A0-9F3D-457C-B088-3A5042F75D52}") = "Ejercicioderecursi", "Ejercicioderecursi\Ejercicioderecursi.pyproj", "{AB13BE31-3986-4155-8D05-8B2E0C5831A9}"
EndProject
Global
	GlobalSection(SolutionConfigurationPlatforms) = preSolution
		Debug|Any CPU = Debug|Any CPU
		Release|Any CPU = Release|Any CPU
	EndGlobalSection
	GlobalSection(ProjectConfigurationPlatforms) = postSolution
		{AB13BE31-3986-4155-8D05-8B2E0C5831A9}.Debug|Any CPU.ActiveCfg = Debug|Any CPU
		{AB13BE31-3986-4155-8D05-8B2E0C5831A9}.Release|Any CPU.ActiveCfg = Release|Any CPU
	EndGlobalSection
	GlobalSection(SolutionProperties) = preSolution
		HideSolutionNode = FALSE
	EndGlobalSection
	GlobalSection(ExtensibilityGlobals) = postSolution
		SolutionGuid = {CE8D002C-1BED-43ED-BCCF-0F2E10E84F45}
	EndGlobalSection
EndGlobal
